
Microsoft Visual Studio Solution File, Format Version 12.00
# Visual Studio Version 16
VisualStudioVersion = 16.0.30626.31
MinimumVisualStudioVersion = 10.0.40219.1
Project("{9A19103F-16F7-4668-BE54-9A1E7A4F7556}") = "ChomadoProblemForm", "ChomadoProblemForm\ChomadoProblemForm.csproj", "{3EBDCEBD-B09E-44F3-8D87-DC0F4E51DEEC}"
EndProject
Project("{2150E333-8FDC-42A3-9474-1A3956D46DE8}") = "Solution Items", "Solution Items", "{E40CE6A6-7402-4FB5-B690-5DBD60B125B9}"
	ProjectSection(SolutionItems) = preProject
		.github\workflows\gh-pages.yml = .github\workflows\gh-pages.yml
	EndProjectSection
EndProject
Global
	GlobalSection(SolutionConfigurationPlatforms) = preSolution
		Debug|Any CPU = Debug|Any CPU
		Release|Any CPU = Release|Any CPU
	EndGlobalSection
	GlobalSection(ProjectConfigurationPlatforms) = postSolution
		{3EBDCEBD-B09E-44F3-8D87-DC0F4E51DEEC}.Debug|Any CPU.ActiveCfg = Debug|Any CPU
		{3EBDCEBD-B09E-44F3-8D87-DC0F4E51DEEC}.Debug|Any CPU.Build.0 = Debug|Any CPU
		{3EBDCEBD-B09E-44F3-8D87-DC0F4E51DEEC}.Release|Any CPU.ActiveCfg = Release|Any CPU
		{3EBDCEBD-B09E-44F3-8D87-DC0F4E51DEEC}.Release|Any CPU.Build.0 = Release|Any CPU
	EndGlobalSection
	GlobalSection(SolutionProperties) = preSolution
		HideSolutionNode = FALSE
	EndGlobalSection
	GlobalSection(ExtensibilityGlobals) = postSolution
		SolutionGuid = {12902EBB-53E9-4CC2-8382-E5767B162C7B}
	EndGlobalSection
EndGlobal
